Microsoft Visual Studio Solution File, Format Version 12.00
# Visual Studio Version 17
VisualStudioVersion = 17.2.32630.192
MinimumVisualStudioVersion = 10.0.40219.1
Project("{2150E333-8FDC-42A3-9474-1A3956D46DE8}") = "src", "src", "{CFC55FA3-F9C3-44C4-B45B-1829E6F71B38}"
EndProject
Project("{2150E333-8FDC-42A3-9474-1A3956D46DE8}") = "tests", "tests", "{13199E4F-B797-46D2-90B4-B760050D75A4}"
EndProject
Project("{2150E333-8FDC-42A3-9474-1A3956D46DE8}") = "Solution Items", "Solution Items", "{C6B0655D-7DA0-4244-B4B4-8774EC531FCC}"
	ProjectSection(SolutionItems) = preProject
		.editorconfig = .editorconfig
		.gitignore = .gitignore
		Directory.Build.props = Directory.Build.props
		LICENSE = LICENSE
		module.ignore = module.ignore
		README.md = README.md
		Sharpcode.TestModule.sln.DotSettings = Sharpcode.TestModule.sln.DotSettings
	EndProjectSection
EndProject
Project("{9A19103F-16F7-4668-BE54-9A1E7A4F7556}") = "VirtoCommerce.AssetVersions.Tests", "tests\VirtoCommerce.AssetVersions.Tests\VirtoCommerce.AssetVersions.Tests.csproj", "{15690386-1DED-4BC3-A424-1D3AAA43D5D5}"
EndProject
Project("{9A19103F-16F7-4668-BE54-9A1E7A4F7556}") = "VirtoCommerce.AssetVersions.Core", "src\VirtoCommerce.AssetVersions.Core\VirtoCommerce.AssetVersions.Core.csproj", "{FC6EF99F-ABC5-467D-8D96-57DD2B8A60B7}"
EndProject
Project("{9A19103F-16F7-4668-BE54-9A1E7A4F7556}") = "VirtoCommerce.AssetVersions.Data", "src\VirtoCommerce.AssetVersions.Data\VirtoCommerce.AssetVersions.Data.csproj", "{97692B93-1A77-4D4A-A0B9-88D4C415F4EF}"
EndProject
Project("{9A19103F-16F7-4668-BE54-9A1E7A4F7556}") = "VirtoCommerce.AssetVersions.Web", "src\VirtoCommerce.AssetVersions.Web\VirtoCommerce.AssetVersions.Web.csproj", "{866E9618-290E-404B-AB48-29D8CFB77399}"
EndProject
Global
	GlobalSection(SolutionConfigurationPlatforms) = preSolution
		Debug|Any CPU = Debug|Any CPU
		Release|Any CPU = Release|Any CPU
	EndGlobalSection
	GlobalSection(ProjectConfigurationPlatforms) = postSolution
		{15690386-1DED-4BC3-A424-1D3AAA43D5D5}.Debug|Any CPU.ActiveCfg = Debug|Any CPU
		{15690386-1DED-4BC3-A424-1D3AAA43D5D5}.Debug|Any CPU.Build.0 = Debug|Any CPU
		{15690386-1DED-4BC3-A424-1D3AAA43D5D5}.Release|Any CPU.ActiveCfg = Release|Any CPU
		{15690386-1DED-4BC3-A424-1D3AAA43D5D5}.Release|Any CPU.Build.0 = Release|Any CPU
		{FC6EF99F-ABC5-467D-8D96-57DD2B8A60B7}.Debug|Any CPU.ActiveCfg = Debug|Any CPU
		{FC6EF99F-ABC5-467D-8D96-57DD2B8A60B7}.Debug|Any CPU.Build.0 = Debug|Any CPU
		{FC6EF99F-ABC5-467D-8D96-57DD2B8A60B7}.Release|Any CPU.ActiveCfg = Release|Any CPU
		{FC6EF99F-ABC5-467D-8D96-57DD2B8A60B7}.Release|Any CPU.Build.0 = Release|Any CPU
		{97692B93-1A77-4D4A-A0B9-88D4C415F4EF}.Debug|Any CPU.ActiveCfg = Debug|Any CPU
		{97692B93-1A77-4D4A-A0B9-88D4C415F4EF}.Debug|Any CPU.Build.0 = Debug|Any CPU
		{97692B93-1A77-4D4A-A0B9-88D4C415F4EF}.Release|Any CPU.ActiveCfg = Release|Any CPU
		{97692B93-1A77-4D4A-A0B9-88D4C415F4EF}.Release|Any CPU.Build.0 = Release|Any CPU
		{866E9618-290E-404B-AB48-29D8CFB77399}.Debug|Any CPU.ActiveCfg = Debug|Any CPU
		{866E9618-290E-404B-AB48-29D8CFB77399}.Debug|Any CPU.Build.0 = Debug|Any CPU
		{866E9618-290E-404B-AB48-29D8CFB77399}.Release|Any CPU.ActiveCfg = Release|Any CPU
		{866E9618-290E-404B-AB48-29D8CFB77399}.Release|Any CPU.Build.0 = Release|Any CPU
	EndGlobalSection
	GlobalSection(SolutionProperties) = preSolution
		HideSolutionNode = FALSE
	EndGlobalSection
	GlobalSection(NestedProjects) = preSolution
		{15690386-1DED-4BC3-A424-1D3AAA43D5D5} = {13199E4F-B797-46D2-90B4-B760050D75A4}
		{FC6EF99F-ABC5-467D-8D96-57DD2B8A60B7} = {CFC55FA3-F9C3-44C4-B45B-1829E6F71B38}
		{97692B93-1A77-4D4A-A0B9-88D4C415F4EF} = {CFC55FA3-F9C3-44C4-B45B-1829E6F71B38}
		{866E9618-290E-404B-AB48-29D8CFB77399} = {CFC55FA3-F9C3-44C4-B45B-1829E6F71B38}
	EndGlobalSection
	GlobalSection(ExtensibilityGlobals) = postSolution
		SolutionGuid = {4FE65273-26F9-4809-A0C5-A16DDD67A35B}
	EndGlobalSection
EndGlobal
